// !$*UTF8*$!
{
	archiveVersion = 1;
	classes = {
	};
	objectVersion = 50;
	objects = {

/* Begin PBXBuildFile section */
		14B4D95D25C68D5D00BE4982 /* AppDelegate.swift in Sources */ = {isa = PBXBuildFile; fileRef = 14B4D95C25C68D5D00BE4982 /* AppDelegate.swift */; };
		14B4D95F25C68D5D00BE4982 /* SceneDelegate.swift in Sources */ = {isa = PBXBuildFile; fileRef = 14B4D95E25C68D5D00BE4982 /* SceneDelegate.swift */; };
		14B4D96125C68D5D00BE4982 /* ViewController.swift in Sources */ = {isa = PBXBuildFile; fileRef = 14B4D96025C68D5D00BE4982 /* ViewController.swift */; };
		14B4D96425C68D5D00BE4982 /* Main.storyboard in Resources */ = {isa = PBXBuildFile; fileRef = 14B4D96225C68D5D00BE4982 /* Main.storyboard */; };
		14B4D96625C68D5D00BE4982 /* Assets.xcassets in Resources */ = {isa = PBXBuildFile; fileRef = 14B4D96525C68D5D00BE4982 /* Assets.xcassets */; };
		14B4D96925C68D5D00BE4982 /* LaunchScreen.storyboard in Resources */ = {isa = PBXBuildFile; fileRef = 14B4D96725C68D5D00BE4982 /* LaunchScreen.storyboard */; };
/* End PBXBuildFile section */

/* Begin PBXFileReference section */
		14B4D95925C68D5D00BE4982 /* ModernCellConfiguration.app */ = {isa = PBXFileReference; explicitFileType = wrapper.application; includeInIndex = 0; path = ModernCellConfiguration.app; sourceTree = BUILT_PRODUCTS_DIR; };
		14B4D95C25C68D5D00BE4982 /* AppDelegate.swift */ = {isa = PBXFileReference; lastKnownFileType = sourcecode.swift; path = AppDelegate.swift; sourceTree = "<group>"; };
		14B4D95E25C68D5D00BE4982 /* SceneDelegate.swift */ = {isa = PBXFileReference; lastKnownFileType = sourcecode.swift; path = SceneDelegate.swift; sourceTree = "<group>"; };
		14B4D96025C68D5D00BE4982 /* ViewController.swift */ = {isa = PBXFileReference; lastKnownFileType = sourcecode.swift; path = ViewController.swift; sourceTree = "<group>"; };
		14B4D96325C68D5D00BE4982 /* Base */ = {isa = PBXFileReference; lastKnownFileType = file.storyboard; name = Base; path = Base.lproj/Main.storyboard; sourceTree = "<group>"; };
		14B4D96525C68D5D00BE4982 /* Assets.xcassets */ = {isa = PBXFileReference; lastKnownFileType = folder.assetcatalog; path = Assets.xcassets; sourceTree = "<group>"; };
		14B4D96825C68D5D00BE4982 /* Base */ = {isa = PBXFileReference; lastKnownFileType = file.storyboard; name = Base; path = Base.lproj/LaunchScreen.storyboard; sourceTree = "<group>"; };
		14B4D96A25C68D5D00BE4982 /* Info.plist */ = {isa = PBXFileReference; lastKnownFileType = text.plist.xml; path = Info.plist; sourceTree = "<group>"; };
/* End PBXFileReference section */

/* Begin PBXFrameworksBuildPhase section */
		14B4D95625C68D5D00BE4982 /* Frameworks */ = {
			isa = PBXFrameworksBuildPhase;
			buildActionMask = 2147483647;
			files = (
			);
			runOnlyForDeploymentPostprocessing = 0;
		};
/* End PBXFrameworksBuildPhase section */

/* Begin PBXGroup section */
		14B4D95025C68D5D00BE4982 = {
			isa = PBXGroup;
			children = (
				14B4D95B25C68D5D00BE4982 /* ModernCellConfiguration */,
				14B4D95A25C68D5D00BE4982 /* Products */,
			);
			sourceTree = "<group>";
		};
		14B4D95A25C68D5D00BE4982 /* Products */ = {
			isa = PBXGroup;
			children = (
				14B4D95925C68D5D00BE4982 /* ModernCellConfiguration.app */,
			);
			name = Products;
			sourceTree = "<group>";
		};
		14B4D95B25C68D5D00BE4982 /* ModernCellConfiguration */ = {
			isa = PBXGroup;
			children = (
				14B4D95C25C68D5D00BE4982 /* AppDelegate.swift */,
				14B4D95E25C68D5D00BE4982 /* SceneDelegate.swift */,
				14B4D96025C68D5D00BE4982 /* ViewController.swift */,
				14B4D96225C68D5D00BE4982 /* Main.storyboard */,
				14B4D96525C68D5D00BE4982 /* Assets.xcassets */,
				14B4D96725C68D5D00BE4982 /* LaunchScreen.storyboard */,
				14B4D96A25C68D5D00BE4982 /* Info.plist */,
			);
			path = ModernCellConfiguration;
			sourceTree = "<group>";
		};
/* End PBXGroup section */

/* Begin PBXNativeTarget section */
		14B4D95825C68D5D00BE4982 /* ModernCellConfiguration */ = {
			isa = PBXNativeTarget;
			buildConfigurationList = 14B4D96D25C68D5D00BE4982 /* Build configuration list for PBXNativeTarget "ModernCellConfiguration" */;
			buildPhases = (
				14B4D95525C68D5D00BE4982 /* Sources */,
				14B4D95625C68D5D00BE4982 /* Frameworks */,
				14B4D95725C68D5D00BE4982 /* Resources */,
			);
			buildRules = (
			);
			dependencies = (
			);
			name = ModernCellConfiguration;
			productName = ModernCellConfiguration;
			productReference = 14B4D95925C68D5D00BE4982 /* ModernCellConfiguration.app */;
			productType = "com.apple.product-type.application";
		};
/* End PBXNativeTarget section */

/* Begin PBXProject section */
		14B4D95125C68D5D00BE4982 /* Project object */ = {
			isa = PBXProject;
			attributes = {
				LastSwiftUpdateCheck = 1220;
				LastUpgradeCheck = 1220;
				TargetAttributes = {
					14B4D95825C68D5D00BE4982 = {
						CreatedOnToolsVersion = 12.2;
					};
				};
			};
			buildConfigurationList = 14B4D95425C68D5D00BE4982 /* Build configuration list for PBXProject "ModernCellConfiguration" */;
			compatibilityVersion = "Xcode 9.3";
			developmentRegion = en;
			hasScannedForEncodings = 0;
			knownRegions = (
				en,
				Base,
			);
			mainGroup = 14B4D95025C68D5D00BE4982;
			productRefGroup = 14B4D95A25C68D5D00BE4982 /* Products */;
			projectDirPath = "";
			projectRoot = "";
			targets = (
				14B4D95825C68D5D00BE4982 /* ModernCellConfiguration */,
			);
		};
/* End PBXProject section */

/* Begin PBXResourcesBuildPhase section */
		14B4D95725C68D5D00BE4982 /* Resources */ = {
			isa = PBXResourcesBuildPhase;
			buildActionMask = 2147483647;
			files = (
				14B4D96925C68D5D00BE4982 /* LaunchScreen.storyboard in Resources */,
				14B4D96625C68D5D00BE4982 /* Assets.xcassets in Resources */,
				14B4D96425C68D5D00BE4982 /* Main.storyboard in Resources */,
			);
			runOnlyForDeploymentPostprocessing = 0;
		};
/* End PBXResourcesBuildPhase section */

/* Begin PBXSourcesBuildPhase section */
		14B4D95525C68D5D00BE4982 /* Sources */ = {
			isa = PBXSourcesBuildPhase;
			buildActionMask = 2147483647;
			files = (
				14B4D96125C68D5D00BE4982 /* ViewController.swift in Sources */,
				14B4D95D25C68D5D00BE4982 /* AppDelegate.swift in Sources */,
				14B4D95F25C68D5D00BE4982 /* SceneDelegate.swift in Sources */,
			);
			runOnlyForDeploymentPostprocessing = 0;
		};
/* End PBXSourcesBuildPhase section */

/* Begin PBXVariantGroup section */
		14B4D96225C68D5D00BE4982 /* Main.storyboard */ = {
			isa = PBXVariantGroup;
			children = (
				14B4D96325C68D5D00BE4982 /* Base */,
			);
			name = Main.storyboard;
			sourceTree = "<group>";
		};
		14B4D96725C68D5D00BE4982 /* LaunchScreen.storyboard */ = {
			isa = PBXVariantGroup;
			children = (
				14B4D96825C68D5D00BE4982 /* Base */,
			);
			name = LaunchScreen.storyboard;
			sourceTree = "<group>";
		};
/* End PBXVariantGroup section */

/* Begin XCBuildConfiguration section */
		14B4D96B25C68D5D00BE4982 /* Debug */ = {
			isa = XCBuildConfiguration;
			buildSettings = {
				ALWAYS_SEARCH_USER_PATHS = NO;
				CLANG_ANALYZER_NONNULL = YES;
				CLANG_ANALYZER_NUMBER_OBJECT_CONVERSION = YES_AGGRESSIVE;
				CLANG_CXX_LANGUAGE_STANDARD = "gnu++14";
				CLANG_CXX_LIBRARY = "libc++";
				CLANG_ENABLE_MODULES = YES;
				CLANG_ENABLE_OBJC_ARC = YES;
				CLANG_ENABLE_OBJC_WEAK = YES;
				CLANG_WARN_BLOCK_CAPTURE_AUTORELEASING = YES;
				CLANG_WARN_BOOL_CONVERSION = YES;
				CLANG_WARN_COMMA = YES;
				CLANG_WARN_CONSTANT_CONVERSION = YES;
				CLANG_WARN_DEPRECATED_OBJC_IMPLEMENTATIONS = YES;
				CLANG_WARN_DIRECT_OBJC_ISA_USAGE = YES_ERROR;
				CLANG_WARN_DOCUMENTATION_COMMENTS = YES;
				CLANG_WARN_EMPTY_BODY = YES;
				CLANG_WARN_ENUM_CONVERSION = YES;
				CLANG_WARN_INFINITE_RECURSION = YES;
				CLANG_WARN_INT_CONVERSION = YES;
				CLANG_WARN_NON_LITERAL_NULL_CONVERSION = YES;
				CLANG_WARN_OBJC_IMPLICIT_RETAIN_SELF = YES;
				CLANG_WARN_OBJC_LITERAL_CONVERSION = YES;
				CLANG_WARN_OBJC_ROOT_CLASS = YES_ERROR;
				CLANG_WARN_QUOTED_INCLUDE_IN_FRAMEWORK_HEADER = YES;
				CLANG_WARN_RANGE_LOOP_ANALYSIS = YES;
				CLANG_WARN_STRICT_PROTOTYPES = YES;
				CLANG_WARN_SUSPICIOUS_MOVE = YES;
				CLANG_WARN_UNGUARDED_AVAILABILITY = YES_AGGRESSIVE;
				CLANG_WARN_UNREACHABLE_CODE = YES;
				CLANG_WARN__DUPLICATE_METHOD_MATCH = YES;
				COPY_PHASE_STRIP = NO;
				DEBUG_INFORMATION_FORMAT = dwarf;
				ENABLE_STRICT_OBJC_MSGSEND = YES;
				ENABLE_TESTABILITY = YES;
				GCC_C_LANGUAGE_STANDARD = gnu11;
				GCC_DYNAMIC_NO_PIC = NO;
				GCC_NO_COMMON_BLOCKS = YES;
				GCC_OPTIMIZATION_LEVEL = 0;
				GCC_PREPROCESSOR_DEFINITIONS = (
					"DEBUG=1",
					"$(inherited)",
				);
				GCC_WARN_64_TO_32_BIT_CONVERSION = YES;
				GCC_WARN_ABOUT_RETURN_TYPE = YES_ERROR;
				GCC_WARN_UNDECLARED_SELECTOR = YES;
				GCC_WARN_UNINITIALIZED_AUTOS = YES_AGGRESSIVE;
				GCC_WARN_UNUSED_FUNCTION = YES;
				GCC_WARN_UNUSED_VARIABLE = YES;
				IPHONEOS_DEPLOYMENT_TARGET = 14.2;
				MTL_ENABLE_DEBUG_INFO = INCLUDE_SOURCE;
				MTL_FAST_MATH = YES;
				ONLY_ACTIVE_ARCH = YES;
				SDKROOT = iphoneos;
				SWIFT_ACTIVE_COMPILATION_CONDITIONS = DEBUG;
				SWIFT_OPTIMIZATION_LEVEL = "-Onone";
			};
			name = Debug;
		};
		14B4D96C25C68D5D00BE4982 /* Release */ = {
			isa = XCBuildConfiguration;
			buildSettings = {
				ALWAYS_SEARCH_USER_PATHS = NO;
				CLANG_ANALYZER_NONNULL = YES;
				CLANG_ANALYZER_NUMBER_OBJECT_CONVERSION = YES_AGGRESSIVE;
				CLANG_CXX_LANGUAGE_STANDARD = "gnu++14";
				CLANG_CXX_LIBRARY = "libc++";
				CLANG_ENABLE_MODULES = YES;
				CLANG_ENABLE_OBJC_ARC = YES;
				CLANG_ENABLE_OBJC_WEAK = YES;
				CLANG_WARN_BLOCK_CAPTURE_AUTORELEASING = YES;
				CLANG_WARN_BOOL_CONVERSION = YES;
				CLANG_WARN_COMMA = YES;
				CLANG_WARN_CONSTANT_CONVERSION = YES;
				CLANG_WARN_DEPRECATED_OBJC_IMPLEMENTATIONS = YES;
				CLANG_WARN_DIRECT_OBJC_ISA_USAGE = YES_ERROR;
				CLANG_WARN_DOCUMENTATION_COMMENTS = YES;
				CLANG_WARN_EMPTY_BODY = YES;
				CLANG_WARN_ENUM_CONVERSION = YES;
				CLANG_WARN_INFINITE_RECURSION = YES;
				CLANG_WARN_INT_CONVERSION = YES;
				CLANG_WARN_NON_LITERAL_NULL_CONVERSION = YES;
				CLANG_WARN_OBJC_IMPLICIT_RETAIN_SELF = YES;
				CLANG_WARN_OBJC_LITERAL_CONVERSION = YES;
				CLANG_WARN_OBJC_ROOT_CLASS = YES_ERROR;
				CLANG_WARN_QUOTED_INCLUDE_IN_FRAMEWORK_HEADER = YES;
				CLANG_WARN_RANGE_LOOP_ANALYSIS = YES;
				CLANG_WARN_STRICT_PROTOTYPES = YES;
				CLANG_WARN_SUSPICIOUS_MOVE = YES;
				CLANG_WARN_UNGUARDED_AVAILABILITY = YES_AGGRESSIVE;
				CLANG_WARN_UNREACHABLE_CODE = YES;
				CLANG_WARN__DUPLICATE_METHOD_MATCH = YES;
				COPY_PHASE_STRIP = NO;
				DEBUG_INFORMATION_FORMAT = "dwarf-with-dsym";
				ENABLE_NS_ASSERTIONS = NO;
				ENABLE_STRICT_OBJC_MSGSEND = YES;
				GCC_C_LANGUAGE_STANDARD = gnu11;
				GCC_NO_COMMON_BLOCKS = YES;
				GCC_WARN_64_TO_32_BIT_CONVERSION = YES;
				GCC_WARN_ABOUT_RETURN_TYPE = YES_ERROR;
				GCC_WARN_UNDECLARED_SELECTOR = YES;
				GCC_WARN_UNINITIALIZED_AUTOS = YES_AGGRESSIVE;
				GCC_WARN_UNUSED_FUNCTION = YES;
				GCC_WARN_UNUSED_VARIABLE = YES;
				IPHONEOS_DEPLOYMENT_TARGET = 14.2;
				MTL_ENABLE_DEBUG_INFO = NO;
				MTL_FAST_MATH = YES;
				SDKROOT = iphoneos;
				SWIFT_COMPILATION_MODE = wholemodule;
				SWIFT_OPTIMIZATION_LEVEL = "-O";
				VALIDATE_PRODUCT = YES;
			};
			name = Release;
		};
		14B4D96E25C68D5D00BE4982 /* Debug */ = {
			isa = XCBuildConfiguration;
			buildSettings = {
				ASSETCATALOG_COMPILER_APPICON_NAME = AppIcon;
				ASSETCATALOG_COMPILER_GLOBAL_ACCENT_COLOR_NAME = AccentColor;
				CODE_SIGN_STYLE = Automatic;
				DEVELOPMENT_TEAM = 9BD2FZATPN;
				INFOPLIST_FILE = ModernCellConfiguration/Info.plist;
				LD_RUNPATH_SEARCH_PATHS = (
					"$(inherited)",
					"@executable_path/Frameworks",
				);
				PRODUCT_BUNDLE_IDENTIFIER = com.zedd.moderncellconfiguration.ModernCellConfiguration;
				PRODUCT_NAME = "$(TARGET_NAME)";
				SWIFT_VERSION = 5.0;
				TARGETED_DEVICE_FAMILY = "1,2";
			};
			name = Debug;
		};
		14B4D96F25C68D5D00BE4982 /* Release */ = {
			isa = XCBuildConfiguration;
			buildSettings = {
				ASSETCATALOG_COMPILER_APPICON_NAME = AppIcon;
				ASSETCATALOG_COMPILER_GLOBAL_ACCENT_COLOR_NAME = AccentColor;
				CODE_SIGN_STYLE = Automatic;
				DEVELOPMENT_TEAM = 9BD2FZATPN;
				INFOPLIST_FILE = ModernCellConfiguration/Info.plist;
				LD_RUNPATH_SEARCH_PATHS = (
					"$(inherited)",
					"@executable_path/Frameworks",
				);
				PRODUCT_BUNDLE_IDENTIFIER = com.zedd.moderncellconfiguration.ModernCellConfiguration;
				PRODUCT_NAME = "$(TARGET_NAME)";
				SWIFT_VERSION = 5.0;
				TARGETED_DEVICE_FAMILY = "1,2";
			};
			name = Release;
		};
/* End XCBuildConfiguration section */

/* Begin XCConfigurationList section */
		14B4D95425C68D5D00BE4982 /* Build configuration list for PBXProject "ModernCellConfiguration" */ = {
			isa = XCConfigurationList;
			buildConfigurations = (
				14B4D96B25C68D5D00BE4982 /* Debug */,
				14B4D96C25C68D5D00BE4982 /* Release */,
			);
			defaultConfigurationIsVisible = 0;
			defaultConfigurationName = Release;
		};
		14B4D96D25C68D5D00BE4982 /* Build configuration list for PBXNativeTarget "ModernCellConfiguration" */ = {
			isa = XCConfigurationList;
			buildConfigurations = (
				14B4D96E25C68D5D00BE4982 /* Debug */,
				14B4D96F25C68D5D00BE4982 /* Release */,
			);
			defaultConfigurationIsVisible = 0;
			defaultConfigurationName = Release;
		};
/* End XCConfigurationList section */
	};
	rootObject = 14B4D95125C68D5D00BE4982 /* Project object */;
}
